// !$*UTF8*$!
{
	archiveVersion = 1;
	classes = {
	};
	objectVersion = 56;
	objects = {

/* Begin PBXBuildFile section */
		D3516ED52CA0A2E00027948F /* WithMe_iOSApp.swift in Sources */ = {isa = PBXBuildFile; fileRef = D3516ED42CA0A2E00027948F /* WithMe_iOSApp.swift */; };
		D3516ED72CA0A2E00027948F /* ContentView.swift in Sources */ = {isa = PBXBuildFile; fileRef = D3516ED62CA0A2E00027948F /* ContentView.swift */; };
		D3516ED92CA0A2E30027948F /* Assets.xcassets in Resources */ = {isa = PBXBuildFile; fileRef = D3516ED82CA0A2E30027948F /* Assets.xcassets */; };
		D3516EDC2CA0A2E30027948F /* Preview Assets.xcassets in Resources */ = {isa = PBXBuildFile; fileRef = D3516EDB2CA0A2E30027948F /* Preview Assets.xcassets */; };
		D3516EE62CA0A2E30027948F /* WithMe_iOSTests.swift in Sources */ = {isa = PBXBuildFile; fileRef = D3516EE52CA0A2E30027948F /* WithMe_iOSTests.swift */; };
		D3516EF02CA0A2E30027948F /* WithMe_iOSUITests.swift in Sources */ = {isa = PBXBuildFile; fileRef = D3516EEF2CA0A2E30027948F /* WithMe_iOSUITests.swift */; };
		D3516EF22CA0A2E30027948F /* WithMe_iOSUITestsLaunchTests.swift in Sources */ = {isa = PBXBuildFile; fileRef = D3516EF12CA0A2E30027948F /* WithMe_iOSUITestsLaunchTests.swift */; };
/* End PBXBuildFile section */

/* Begin PBXContainerItemProxy section */
		D3516EE22CA0A2E30027948F /* PBXContainerItemProxy */ = {
			isa = PBXContainerItemProxy;
			containerPortal = D3516EC92CA0A2DF0027948F /* Project object */;
			proxyType = 1;
			remoteGlobalIDString = D3516ED02CA0A2DF0027948F;
			remoteInfo = WithMe_iOS;
		};
		D3516EEC2CA0A2E30027948F /* PBXContainerItemProxy */ = {
			isa = PBXContainerItemProxy;
			containerPortal = D3516EC92CA0A2DF0027948F /* Project object */;
			proxyType = 1;
			remoteGlobalIDString = D3516ED02CA0A2DF0027948F;
			remoteInfo = WithMe_iOS;
		};
/* End PBXContainerItemProxy section */

/* Begin PBXFileReference section */
		D3516ED12CA0A2E00027948F /* WithMe_iOS.app */ = {isa = PBXFileReference; explicitFileType = wrapper.application; includeInIndex = 0; path = WithMe_iOS.app; sourceTree = BUILT_PRODUCTS_DIR; };
		D3516ED42CA0A2E00027948F /* WithMe_iOSApp.swift */ = {isa = PBXFileReference; lastKnownFileType = sourcecode.swift; path = WithMe_iOSApp.swift; sourceTree = "<group>"; };
		D3516ED62CA0A2E00027948F /* ContentView.swift */ = {isa = PBXFileReference; lastKnownFileType = sourcecode.swift; path = ContentView.swift; sourceTree = "<group>"; };
		D3516ED82CA0A2E30027948F /* Assets.xcassets */ = {isa = PBXFileReference; lastKnownFileType = folder.assetcatalog; path = Assets.xcassets; sourceTree = "<group>"; };
		D3516EDB2CA0A2E30027948F /* Preview Assets.xcassets */ = {isa = PBXFileReference; lastKnownFileType = folder.assetcatalog; path = "Preview Assets.xcassets"; sourceTree = "<group>"; };
		D3516EE12CA0A2E30027948F /* WithMe_iOSTests.xctest */ = {isa = PBXFileReference; explicitFileType = wrapper.cfbundle; includeInIndex = 0; path = WithMe_iOSTests.xctest; sourceTree = BUILT_PRODUCTS_DIR; };
		D3516EE52CA0A2E30027948F /* WithMe_iOSTests.swift */ = {isa = PBXFileReference; lastKnownFileType = sourcecode.swift; path = WithMe_iOSTests.swift; sourceTree = "<group>"; };
		D3516EEB2CA0A2E30027948F /* WithMe_iOSUITests.xctest */ = {isa = PBXFileReference; explicitFileType = wrapper.cfbundle; includeInIndex = 0; path = WithMe_iOSUITests.xctest; sourceTree = BUILT_PRODUCTS_DIR; };
		D3516EEF2CA0A2E30027948F /* WithMe_iOSUITests.swift */ = {isa = PBXFileReference; lastKnownFileType = sourcecode.swift; path = WithMe_iOSUITests.swift; sourceTree = "<group>"; };
		D3516EF12CA0A2E30027948F /* WithMe_iOSUITestsLaunchTests.swift */ = {isa = PBXFileReference; lastKnownFileType = sourcecode.swift; path = WithMe_iOSUITestsLaunchTests.swift; sourceTree = "<group>"; };
/* End PBXFileReference section */

/* Begin PBXFrameworksBuildPhase section */
		D3516ECE2CA0A2DF0027948F /* Frameworks */ = {
			isa = PBXFrameworksBuildPhase;
			buildActionMask = 2147483647;
			files = (
			);
			runOnlyForDeploymentPostprocessing = 0;
		};
		D3516EDE2CA0A2E30027948F /* Frameworks */ = {
			isa = PBXFrameworksBuildPhase;
			buildActionMask = 2147483647;
			files = (
			);
			runOnlyForDeploymentPostprocessing = 0;
		};
		D3516EE82CA0A2E30027948F /* Frameworks */ = {
			isa = PBXFrameworksBuildPhase;
			buildActionMask = 2147483647;
			files = (
			);
			runOnlyForDeploymentPostprocessing = 0;
		};
/* End PBXFrameworksBuildPhase section */

/* Begin PBXGroup section */
		D3516EC82CA0A2DF0027948F = {
			isa = PBXGroup;
			children = (
				D3516ED32CA0A2E00027948F /* WithMe_iOS */,
				D3516EE42CA0A2E30027948F /* WithMe_iOSTests */,
				D3516EEE2CA0A2E30027948F /* WithMe_iOSUITests */,
				D3516ED22CA0A2E00027948F /* Products */,
			);
			sourceTree = "<group>";
		};
		D3516ED22CA0A2E00027948F /* Products */ = {
			isa = PBXGroup;
			children = (
				D3516ED12CA0A2E00027948F /* WithMe_iOS.app */,
				D3516EE12CA0A2E30027948F /* WithMe_iOSTests.xctest */,
				D3516EEB2CA0A2E30027948F /* WithMe_iOSUITests.xctest */,
			);
			name = Products;
			sourceTree = "<group>";
		};
		D3516ED32CA0A2E00027948F /* WithMe_iOS */ = {
			isa = PBXGroup;
			children = (
				D3516ED42CA0A2E00027948F /* WithMe_iOSApp.swift */,
				D3516ED62CA0A2E00027948F /* ContentView.swift */,
				D3516ED82CA0A2E30027948F /* Assets.xcassets */,
				D3516EDA2CA0A2E30027948F /* Preview Content */,
			);
			path = WithMe_iOS;
			sourceTree = "<group>";
		};
		D3516EDA2CA0A2E30027948F /* Preview Content */ = {
			isa = PBXGroup;
			children = (
				D3516EDB2CA0A2E30027948F /* Preview Assets.xcassets */,
			);
			path = "Preview Content";
			sourceTree = "<group>";
		};
		D3516EE42CA0A2E30027948F /* WithMe_iOSTests */ = {
			isa = PBXGroup;
			children = (
				D3516EE52CA0A2E30027948F /* WithMe_iOSTests.swift */,
			);
			path = WithMe_iOSTests;
			sourceTree = "<group>";
		};
		D3516EEE2CA0A2E30027948F /* WithMe_iOSUITests */ = {
			isa = PBXGroup;
			children = (
				D3516EEF2CA0A2E30027948F /* WithMe_iOSUITests.swift */,
				D3516EF12CA0A2E30027948F /* WithMe_iOSUITestsLaunchTests.swift */,
			);
			path = WithMe_iOSUITests;
			sourceTree = "<group>";
		};
/* End PBXGroup section */

/* Begin PBXNativeTarget section */
		D3516ED02CA0A2DF0027948F /* WithMe_iOS */ = {
			isa = PBXNativeTarget;
			buildConfigurationList = D3516EF52CA0A2E30027948F /* Build configuration list for PBXNativeTarget "WithMe_iOS" */;
			buildPhases = (
				D3516ECD2CA0A2DF0027948F /* Sources */,
				D3516ECE2CA0A2DF0027948F /* Frameworks */,
				D3516ECF2CA0A2DF0027948F /* Resources */,
			);
			buildRules = (
			);
			dependencies = (
			);
			name = WithMe_iOS;
			productName = WithMe_iOS;
			productReference = D3516ED12CA0A2E00027948F /* WithMe_iOS.app */;
			productType = "com.apple.product-type.application";
		};
		D3516EE02CA0A2E30027948F /* WithMe_iOSTests */ = {
			isa = PBXNativeTarget;
			buildConfigurationList = D3516EF82CA0A2E30027948F /* Build configuration list for PBXNativeTarget "WithMe_iOSTests" */;
			buildPhases = (
				D3516EDD2CA0A2E30027948F /* Sources */,
				D3516EDE2CA0A2E30027948F /* Frameworks */,
				D3516EDF2CA0A2E30027948F /* Resources */,
			);
			buildRules = (
			);
			dependencies = (
				D3516EE32CA0A2E30027948F /* PBXTargetDependency */,
			);
			name = WithMe_iOSTests;
			productName = WithMe_iOSTests;
			productReference = D3516EE12CA0A2E30027948F /* WithMe_iOSTests.xctest */;
			productType = "com.apple.product-type.bundle.unit-test";
		};
		D3516EEA2CA0A2E30027948F /* WithMe_iOSUITests */ = {
			isa = PBXNativeTarget;
			buildConfigurationList = D3516EFB2CA0A2E30027948F /* Build configuration list for PBXNativeTarget "WithMe_iOSUITests" */;
			buildPhases = (
				D3516EE72CA0A2E30027948F /* Sources */,
				D3516EE82CA0A2E30027948F /* Frameworks */,
				D3516EE92CA0A2E30027948F /* Resources */,
			);
			buildRules = (
			);
			dependencies = (
				D3516EED2CA0A2E30027948F /* PBXTargetDependency */,
			);
			name = WithMe_iOSUITests;
			productName = WithMe_iOSUITests;
			productReference = D3516EEB2CA0A2E30027948F /* WithMe_iOSUITests.xctest */;
			productType = "com.apple.product-type.bundle.ui-testing";
		};
/* End PBXNativeTarget section */

/* Begin PBXProject section */
		D3516EC92CA0A2DF0027948F /* Project object */ = {
			isa = PBXProject;
			attributes = {
				BuildIndependentTargetsInParallel = 1;
				LastSwiftUpdateCheck = 1530;
				LastUpgradeCheck = 1530;
				TargetAttributes = {
					D3516ED02CA0A2DF0027948F = {
						CreatedOnToolsVersion = 15.3;
					};
					D3516EE02CA0A2E30027948F = {
						CreatedOnToolsVersion = 15.3;
						TestTargetID = D3516ED02CA0A2DF0027948F;
					};
					D3516EEA2CA0A2E30027948F = {
						CreatedOnToolsVersion = 15.3;
						TestTargetID = D3516ED02CA0A2DF0027948F;
					};
				};
			};
			buildConfigurationList = D3516ECC2CA0A2DF0027948F /* Build configuration list for PBXProject "WithMe_iOS" */;
			compatibilityVersion = "Xcode 14.0";
			developmentRegion = en;
			hasScannedForEncodings = 0;
			knownRegions = (
				en,
				Base,
			);
			mainGroup = D3516EC82CA0A2DF0027948F;
			productRefGroup = D3516ED22CA0A2E00027948F /* Products */;
			projectDirPath = "";
			projectRoot = "";
			targets = (
				D3516ED02CA0A2DF0027948F /* WithMe_iOS */,
				D3516EE02CA0A2E30027948F /* WithMe_iOSTests */,
				D3516EEA2CA0A2E30027948F /* WithMe_iOSUITests */,
			);
		};
/* End PBXProject section */

/* Begin PBXResourcesBuildPhase section */
		D3516ECF2CA0A2DF0027948F /* Resources */ = {
			isa = PBXResourcesBuildPhase;
			buildActionMask = 2147483647;
			files = (
				D3516EDC2CA0A2E30027948F /* Preview Assets.xcassets in Resources */,
				D3516ED92CA0A2E30027948F /* Assets.xcassets in Resources */,
			);
			runOnlyForDeploymentPostprocessing = 0;
		};
		D3516EDF2CA0A2E30027948F /* Resources */ = {
			isa = PBXResourcesBuildPhase;
			buildActionMask = 2147483647;
			files = (
			);
			runOnlyForDeploymentPostprocessing = 0;
		};
		D3516EE92CA0A2E30027948F /* Resources */ = {
			isa = PBXResourcesBuildPhase;
			buildActionMask = 2147483647;
			files = (
			);
			runOnlyForDeploymentPostprocessing = 0;
		};
/* End PBXResourcesBuildPhase section */

/* Begin PBXSourcesBuildPhase section */
		D3516ECD2CA0A2DF0027948F /* Sources */ = {
			isa = PBXSourcesBuildPhase;
			buildActionMask = 2147483647;
			files = (
				D3516ED72CA0A2E00027948F /* ContentView.swift in Sources */,
				D3516ED52CA0A2E00027948F /* WithMe_iOSApp.swift in Sources */,
			);
			runOnlyForDeploymentPostprocessing = 0;
		};
		D3516EDD2CA0A2E30027948F /* Sources */ = {
			isa = PBXSourcesBuildPhase;
			buildActionMask = 2147483647;
			files = (
				D3516EE62CA0A2E30027948F /* WithMe_iOSTests.swift in Sources */,
			);
			runOnlyForDeploymentPostprocessing = 0;
		};
		D3516EE72CA0A2E30027948F /* Sources */ = {
			isa = PBXSourcesBuildPhase;
			buildActionMask = 2147483647;
			files = (
				D3516EF22CA0A2E30027948F /* WithMe_iOSUITestsLaunchTests.swift in Sources */,
				D3516EF02CA0A2E30027948F /* WithMe_iOSUITests.swift in Sources */,
			);
			runOnlyForDeploymentPostprocessing = 0;
		};
/* End PBXSourcesBuildPhase section */

/* Begin PBXTargetDependency section */
		D3516EE32CA0A2E30027948F /* PBXTargetDependency */ = {
			isa = PBXTargetDependency;
			target = D3516ED02CA0A2DF0027948F /* WithMe_iOS */;
			targetProxy = D3516EE22CA0A2E30027948F /* PBXContainerItemProxy */;
		};
		D3516EED2CA0A2E30027948F /* PBXTargetDependency */ = {
			isa = PBXTargetDependency;
			target = D3516ED02CA0A2DF0027948F /* WithMe_iOS */;
			targetProxy = D3516EEC2CA0A2E30027948F /* PBXContainerItemProxy */;
		};
/* End PBXTargetDependency section */

/* Begin XCBuildConfiguration section */
		D3516EF32CA0A2E30027948F /* Debug */ = {
			isa = XCBuildConfiguration;
			buildSettings = {
				ALWAYS_SEARCH_USER_PATHS = NO;
				ASSETCATALOG_COMPILER_GENERATE_SWIFT_ASSET_SYMBOL_EXTENSIONS = YES;
				CLANG_ANALYZER_NONNULL = YES;
				CLANG_ANALYZER_NUMBER_OBJECT_CONVERSION = YES_AGGRESSIVE;
				CLANG_CXX_LANGUAGE_STANDARD = "gnu++20";
				CLANG_ENABLE_MODULES = YES;
				CLANG_ENABLE_OBJC_ARC = YES;
				CLANG_ENABLE_OBJC_WEAK = YES;
				CLANG_WARN_BLOCK_CAPTURE_AUTORELEASING = YES;
				CLANG_WARN_BOOL_CONVERSION = YES;
				CLANG_WARN_COMMA = YES;
				CLANG_WARN_CONSTANT_CONVERSION = YES;
				CLANG_WARN_DEPRECATED_OBJC_IMPLEMENTATIONS = YES;
				CLANG_WARN_DIRECT_OBJC_ISA_USAGE = YES_ERROR;
				CLANG_WARN_DOCUMENTATION_COMMENTS = YES;
				CLANG_WARN_EMPTY_BODY = YES;
				CLANG_WARN_ENUM_CONVERSION = YES;
				CLANG_WARN_INFINITE_RECURSION = YES;
				CLANG_WARN_INT_CONVERSION = YES;
				CLANG_WARN_NON_LITERAL_NULL_CONVERSION = YES;
				CLANG_WARN_OBJC_IMPLICIT_RETAIN_SELF = YES;
				CLANG_WARN_OBJC_LITERAL_CONVERSION = YES;
				CLANG_WARN_OBJC_ROOT_CLASS = YES_ERROR;
				CLANG_WARN_QUOTED_INCLUDE_IN_FRAMEWORK_HEADER = YES;
				CLANG_WARN_RANGE_LOOP_ANALYSIS = YES;
				CLANG_WARN_STRICT_PROTOTYPES = YES;
				CLANG_WARN_SUSPICIOUS_MOVE = YES;
				CLANG_WARN_UNGUARDED_AVAILABILITY = YES_AGGRESSIVE;
				CLANG_WARN_UNREACHABLE_CODE = YES;
				CLANG_WARN__DUPLICATE_METHOD_MATCH = YES;
				COPY_PHASE_STRIP = NO;
				DEBUG_INFORMATION_FORMAT = dwarf;
				ENABLE_STRICT_OBJC_MSGSEND = YES;
				ENABLE_TESTABILITY = YES;
				ENABLE_USER_SCRIPT_SANDBOXING = YES;
				GCC_C_LANGUAGE_STANDARD = gnu17;
				GCC_DYNAMIC_NO_PIC = NO;
				GCC_NO_COMMON_BLOCKS = YES;
				GCC_OPTIMIZATION_LEVEL = 0;
				GCC_PREPROCESSOR_DEFINITIONS = (
					"DEBUG=1",
					"$(inherited)",
				);
				GCC_WARN_64_TO_32_BIT_CONVERSION = YES;
				GCC_WARN_ABOUT_RETURN_TYPE = YES_ERROR;
				GCC_WARN_UNDECLARED_SELECTOR = YES;
				GCC_WARN_UNINITIALIZED_AUTOS = YES_AGGRESSIVE;
				GCC_WARN_UNUSED_FUNCTION = YES;
				GCC_WARN_UNUSED_VARIABLE = YES;
				IPHONEOS_DEPLOYMENT_TARGET = 17.4;
				LOCALIZATION_PREFERS_STRING_CATALOGS = YES;
				MTL_ENABLE_DEBUG_INFO = INCLUDE_SOURCE;
				MTL_FAST_MATH = YES;
				ONLY_ACTIVE_ARCH = YES;
				SDKROOT = iphoneos;
				SWIFT_ACTIVE_COMPILATION_CONDITIONS = "DEBUG $(inherited)";
				SWIFT_OPTIMIZATION_LEVEL = "-Onone";
			};
			name = Debug;
		};
		D3516EF42CA0A2E30027948F /* Release */ = {
			isa = XCBuildConfiguration;
			buildSettings = {
				ALWAYS_SEARCH_USER_PATHS = NO;
				ASSETCATALOG_COMPILER_GENERATE_SWIFT_ASSET_SYMBOL_EXTENSIONS = YES;
				CLANG_ANALYZER_NONNULL = YES;
				CLANG_ANALYZER_NUMBER_OBJECT_CONVERSION = YES_AGGRESSIVE;
				CLANG_CXX_LANGUAGE_STANDARD = "gnu++20";
				CLANG_ENABLE_MODULES = YES;
				CLANG_ENABLE_OBJC_ARC = YES;
				CLANG_ENABLE_OBJC_WEAK = YES;
				CLANG_WARN_BLOCK_CAPTURE_AUTORELEASING = YES;
				CLANG_WARN_BOOL_CONVERSION = YES;
				CLANG_WARN_COMMA = YES;
				CLANG_WARN_CONSTANT_CONVERSION = YES;
				CLANG_WARN_DEPRECATED_OBJC_IMPLEMENTATIONS = YES;
				CLANG_WARN_DIRECT_OBJC_ISA_USAGE = YES_ERROR;
				CLANG_WARN_DOCUMENTATION_COMMENTS = YES;
				CLANG_WARN_EMPTY_BODY = YES;
				CLANG_WARN_ENUM_CONVERSION = YES;
				CLANG_WARN_INFINITE_RECURSION = YES;
				CLANG_WARN_INT_CONVERSION = YES;
				CLANG_WARN_NON_LITERAL_NULL_CONVERSION = YES;
				CLANG_WARN_OBJC_IMPLICIT_RETAIN_SELF = YES;
				CLANG_WARN_OBJC_LITERAL_CONVERSION = YES;
				CLANG_WARN_OBJC_ROOT_CLASS = YES_ERROR;
				CLANG_WARN_QUOTED_INCLUDE_IN_FRAMEWORK_HEADER = YES;
				CLANG_WARN_RANGE_LOOP_ANALYSIS = YES;
				CLANG_WARN_STRICT_PROTOTYPES = YES;
				CLANG_WARN_SUSPICIOUS_MOVE = YES;
				CLANG_WARN_UNGUARDED_AVAILABILITY = YES_AGGRESSIVE;
				CLANG_WARN_UNREACHABLE_CODE = YES;
				CLANG_WARN__DUPLICATE_METHOD_MATCH = YES;
				COPY_PHASE_STRIP = NO;
				DEBUG_INFORMATION_FORMAT = "dwarf-with-dsym";
				ENABLE_NS_ASSERTIONS = NO;
				ENABLE_STRICT_OBJC_MSGSEND = YES;
				ENABLE_USER_SCRIPT_SANDBOXING = YES;
				GCC_C_LANGUAGE_STANDARD = gnu17;
				GCC_NO_COMMON_BLOCKS = YES;
				GCC_WARN_64_TO_32_BIT_CONVERSION = YES;
				GCC_WARN_ABOUT_RETURN_TYPE = YES_ERROR;
				GCC_WARN_UNDECLARED_SELECTOR = YES;
				GCC_WARN_UNINITIALIZED_AUTOS = YES_AGGRESSIVE;
				GCC_WARN_UNUSED_FUNCTION = YES;
				GCC_WARN_UNUSED_VARIABLE = YES;
				IPHONEOS_DEPLOYMENT_TARGET = 17.4;
				LOCALIZATION_PREFERS_STRING_CATALOGS = YES;
				MTL_ENABLE_DEBUG_INFO = NO;
				MTL_FAST_MATH = YES;
				SDKROOT = iphoneos;
				SWIFT_COMPILATION_MODE = wholemodule;
				VALIDATE_PRODUCT = YES;
			};
			name = Release;
		};
		D3516EF62CA0A2E30027948F /* Debug */ = {
			isa = XCBuildConfiguration;
			buildSettings = {
				ASSETCATALOG_COMPILER_APPICON_NAME = AppIcon;
				ASSETCATALOG_COMPILER_GLOBAL_ACCENT_COLOR_NAME = AccentColor;
				CODE_SIGN_STYLE = Automatic;
				CURRENT_PROJECT_VERSION = 1;
				DEVELOPMENT_ASSET_PATHS = "\"WithMe_iOS/Preview Content\"";
				DEVELOPMENT_TEAM = W5W5AZSUAZ;
				ENABLE_PREVIEWS = YES;
				GENERATE_INFOPLIST_FILE = YES;
				INFOPLIST_KEY_UIApplicationSceneManifest_Generation = YES;
				INFOPLIST_KEY_UIApplicationSupportsIndirectInputEvents = YES;
				INFOPLIST_KEY_UILaunchScreen_Generation = YES;
				INFOPLIST_KEY_UISupportedInterfaceOrientations_iPad = "UIInterfaceOrientationPortrait UIInterfaceOrientationPortraitUpsideDown UIInterfaceOrientationLandscapeLeft UIInterfaceOrientationLandscapeRight";
				INFOPLIST_KEY_UISupportedInterfaceOrientations_iPhone = "UIInterfaceOrientationPortrait UIInterfaceOrientationLandscapeLeft UIInterfaceOrientationLandscapeRight";
				LD_RUNPATH_SEARCH_PATHS = (
					"$(inherited)",
					"@executable_path/Frameworks",
				);
				MARKETING_VERSION = 1.0;
				PRODUCT_BUNDLE_IDENTIFIER = "withme.WithMe-iOS";
				PRODUCT_NAME = "$(TARGET_NAME)";
				SWIFT_EMIT_LOC_STRINGS = YES;
				SWIFT_VERSION = 5.0;
				TARGETED_DEVICE_FAMILY = "1,2";
			};
			name = Debug;
		};
		D3516EF72CA0A2E30027948F /* Release */ = {
			isa = XCBuildConfiguration;
			buildSettings = {
				ASSETCATALOG_COMPILER_APPICON_NAME = AppIcon;
				ASSETCATALOG_COMPILER_GLOBAL_ACCENT_COLOR_NAME = AccentColor;
				CODE_SIGN_STYLE = Automatic;
				CURRENT_PROJECT_VERSION = 1;
				DEVELOPMENT_ASSET_PATHS = "\"WithMe_iOS/Preview Content\"";
				DEVELOPMENT_TEAM = W5W5AZSUAZ;
				ENABLE_PREVIEWS = YES;
				GENERATE_INFOPLIST_FILE = YES;
				INFOPLIST_KEY_UIApplicationSceneManifest_Generation = YES;
				INFOPLIST_KEY_UIApplicationSupportsIndirectInputEvents = YES;
				INFOPLIST_KEY_UILaunchScreen_Generation = YES;
				INFOPLIST_KEY_UISupportedInterfaceOrientations_iPad = "UIInterfaceOrientationPortrait UIInterfaceOrientationPortraitUpsideDown UIInterfaceOrientationLandscapeLeft UIInterfaceOrientationLandscapeRight";
				INFOPLIST_KEY_UISupportedInterfaceOrientations_iPhone = "UIInterfaceOrientationPortrait UIInterfaceOrientationLandscapeLeft UIInterfaceOrientationLandscapeRight";
				LD_RUNPATH_SEARCH_PATHS = (
					"$(inherited)",
					"@executable_path/Frameworks",
				);
				MARKETING_VERSION = 1.0;
				PRODUCT_BUNDLE_IDENTIFIER = "withme.WithMe-iOS";
				PRODUCT_NAME = "$(TARGET_NAME)";
				SWIFT_EMIT_LOC_STRINGS = YES;
				SWIFT_VERSION = 5.0;
				TARGETED_DEVICE_FAMILY = "1,2";
			};
			name = Release;
		};
		D3516EF92CA0A2E30027948F /* Debug */ = {
			isa = XCBuildConfiguration;
			buildSettings = {
				ALWAYS_EMBED_SWIFT_STANDARD_LIBRARIES = YES;
				BUNDLE_LOADER = "$(TEST_HOST)";
				CODE_SIGN_STYLE = Automatic;
				CURRENT_PROJECT_VERSION = 1;
				DEVELOPMENT_TEAM = W5W5AZSUAZ;
				GENERATE_INFOPLIST_FILE = YES;
				IPHONEOS_DEPLOYMENT_TARGET = 17.4;
				MARKETING_VERSION = 1.0;
				PRODUCT_BUNDLE_IDENTIFIER = "withme.WithMe-iOSTests";
				PRODUCT_NAME = "$(TARGET_NAME)";
				SWIFT_EMIT_LOC_STRINGS = NO;
				SWIFT_VERSION = 5.0;
				TARGETED_DEVICE_FAMILY = "1,2";
				TEST_HOST = "$(BUILT_PRODUCTS_DIR)/WithMe_iOS.app/$(BUNDLE_EXECUTABLE_FOLDER_PATH)/WithMe_iOS";
			};
			name = Debug;
		};
		D3516EFA2CA0A2E30027948F /* Release */ = {
			isa = XCBuildConfiguration;
			buildSettings = {
				ALWAYS_EMBED_SWIFT_STANDARD_LIBRARIES = YES;
				BUNDLE_LOADER = "$(TEST_HOST)";
				CODE_SIGN_STYLE = Automatic;
				CURRENT_PROJECT_VERSION = 1;
				DEVELOPMENT_TEAM = W5W5AZSUAZ;
				GENERATE_INFOPLIST_FILE = YES;
				IPHONEOS_DEPLOYMENT_TARGET = 17.4;
				MARKETING_VERSION = 1.0;
				PRODUCT_BUNDLE_IDENTIFIER = "withme.WithMe-iOSTests";
				PRODUCT_NAME = "$(TARGET_NAME)";
				SWIFT_EMIT_LOC_STRINGS = NO;
				SWIFT_VERSION = 5.0;
				TARGETED_DEVICE_FAMILY = "1,2";
				TEST_HOST = "$(BUILT_PRODUCTS_DIR)/WithMe_iOS.app/$(BUNDLE_EXECUTABLE_FOLDER_PATH)/WithMe_iOS";
			};
			name = Release;
		};
		D3516EFC2CA0A2E30027948F /* Debug */ = {
			isa = XCBuildConfiguration;
			buildSettings = {
				ALWAYS_EMBED_SWIFT_STANDARD_LIBRARIES = YES;
				CODE_SIGN_STYLE = Automatic;
				CURRENT_PROJECT_VERSION = 1;
				DEVELOPMENT_TEAM = W5W5AZSUAZ;
				GENERATE_INFOPLIST_FILE = YES;
				MARKETING_VERSION = 1.0;
				PRODUCT_BUNDLE_IDENTIFIER = "withme.WithMe-iOSUITests";
				PRODUCT_NAME = "$(TARGET_NAME)";
				SWIFT_EMIT_LOC_STRINGS = NO;
				SWIFT_VERSION = 5.0;
				TARGETED_DEVICE_FAMILY = "1,2";
				TEST_TARGET_NAME = WithMe_iOS;
			};
			name = Debug;
		};
		D3516EFD2CA0A2E30027948F /* Release */ = {
			isa = XCBuildConfiguration;
			buildSettings = {
				ALWAYS_EMBED_SWIFT_STANDARD_LIBRARIES = YES;
				CODE_SIGN_STYLE = Automatic;
				CURRENT_PROJECT_VERSION = 1;
				DEVELOPMENT_TEAM = W5W5AZSUAZ;
				GENERATE_INFOPLIST_FILE = YES;
				MARKETING_VERSION = 1.0;
				PRODUCT_BUNDLE_IDENTIFIER = "withme.WithMe-iOSUITests";
				PRODUCT_NAME = "$(TARGET_NAME)";
				SWIFT_EMIT_LOC_STRINGS = NO;
				SWIFT_VERSION = 5.0;
				TARGETED_DEVICE_FAMILY = "1,2";
				TEST_TARGET_NAME = WithMe_iOS;
			};
			name = Release;
		};
/* End XCBuildConfiguration section */

/* Begin XCConfigurationList section */
		D3516ECC2CA0A2DF0027948F /* Build configuration list for PBXProject "WithMe_iOS" */ = {
			isa = XCConfigurationList;
			buildConfigurations = (
				D3516EF32CA0A2E30027948F /* Debug */,
				D3516EF42CA0A2E30027948F /* Release */,
			);
			defaultConfigurationIsVisible = 0;
			defaultConfigurationName = Release;
		};
		D3516EF52CA0A2E30027948F /* Build configuration list for PBXNativeTarget "WithMe_iOS" */ = {
			isa = XCConfigurationList;
			buildConfigurations = (
				D3516EF62CA0A2E30027948F /* Debug */,
				D3516EF72CA0A2E30027948F /* Release */,
			);
			defaultConfigurationIsVisible = 0;
			defaultConfigurationName = Release;
		};
		D3516EF82CA0A2E30027948F /* Build configuration list for PBXNativeTarget "WithMe_iOSTests" */ = {
			isa = XCConfigurationList;
			buildConfigurations = (
				D3516EF92CA0A2E30027948F /* Debug */,
				D3516EFA2CA0A2E30027948F /* Release */,
			);
			defaultConfigurationIsVisible = 0;
			defaultConfigurationName = Release;
		};
		D3516EFB2CA0A2E30027948F /* Build configuration list for PBXNativeTarget "WithMe_iOSUITests" */ = {
			isa = XCConfigurationList;
			buildConfigurations = (
				D3516EFC2CA0A2E30027948F /* Debug */,
				D3516EFD2CA0A2E30027948F /* Release */,
			);
			defaultConfigurationIsVisible = 0;
			defaultConfigurationName = Release;
		};
/* End XCConfigurationList section */
	};
	rootObject = D3516EC92CA0A2DF0027948F /* Project object */;
}
