// !$*UTF8*$!
{
	archiveVersion = 1;
	classes = {
	};
	objectVersion = 56;
	objects = {

/* Begin PBXBuildFile section */
		372E9CAD2CB421870070D617 /* Admin_HomePage.swift in Sources */ = {isa = PBXBuildFile; fileRef = 372E9CAC2CB421870070D617 /* Admin_HomePage.swift */; };
		3749E5792CBD6F490057BB9D /* CommentDialog.swift in Sources */ = {isa = PBXBuildFile; fileRef = 3749E5782CBD6F430057BB9D /* CommentDialog.swift */; };
		375EE6C92CBDB8AD00014A5E /* ChangePostDialog.swift in Sources */ = {isa = PBXBuildFile; fileRef = 375EE6C82CBDB89B00014A5E /* ChangePostDialog.swift */; };
		375EE6CB2CBDD12F00014A5E /* Edit_PostView.swift in Sources */ = {isa = PBXBuildFile; fileRef = 375EE6CA2CBDD11800014A5E /* Edit_PostView.swift */; };
		378354862CB567FE00BAE703 /* User_Search.swift in Sources */ = {isa = PBXBuildFile; fileRef = 378354852CB567F500BAE703 /* User_Search.swift */; };
		378429162CA711030048F45B /* User_HomePage.swift in Sources */ = {isa = PBXBuildFile; fileRef = 378429152CA711030048F45B /* User_HomePage.swift */; };
		378429182CA71B8F0048F45B /* TabView_WithMe.swift in Sources */ = {isa = PBXBuildFile; fileRef = 378429172CA71B8F0048F45B /* TabView_WithMe.swift */; };
		3784291A2CA71C8C0048F45B /* User_AddPostPage.swift in Sources */ = {isa = PBXBuildFile; fileRef = 378429192CA71C8C0048F45B /* User_AddPostPage.swift */; };
		3784291C2CA71C9D0048F45B /* User_EditProfilePage.swift in Sources */ = {isa = PBXBuildFile; fileRef = 3784291B2CA71C9D0048F45B /* User_EditProfilePage.swift */; };
		3784291E2CA71CB50048F45B /* User_PostView.swift in Sources */ = {isa = PBXBuildFile; fileRef = 3784291D2CA71CB50048F45B /* User_PostView.swift */; };
		378429202CA71CCA0048F45B /* User_ProfilePage.swift in Sources */ = {isa = PBXBuildFile; fileRef = 3784291F2CA71CCA0048F45B /* User_ProfilePage.swift */; };
		378429222CA71CE20048F45B /* User_SearchPage.swift in Sources */ = {isa = PBXBuildFile; fileRef = 378429212CA71CE20048F45B /* User_SearchPage.swift */; };
		378429242CA71D000048F45B /* User_ViewProfile.swift in Sources */ = {isa = PBXBuildFile; fileRef = 378429232CA71D000048F45B /* User_ViewProfile.swift */; };
		3784292E2CA729080048F45B /* DMSerifDisplay-Regular.ttf in Resources */ = {isa = PBXBuildFile; fileRef = 3784292D2CA729080048F45B /* DMSerifDisplay-Regular.ttf */; };
		3784292F2CA729080048F45B /* DMSerifDisplay-Regular.ttf in Resources */ = {isa = PBXBuildFile; fileRef = 3784292D2CA729080048F45B /* DMSerifDisplay-Regular.ttf */; };
		378429302CA729080048F45B /* DMSerifDisplay-Regular.ttf in Resources */ = {isa = PBXBuildFile; fileRef = 3784292D2CA729080048F45B /* DMSerifDisplay-Regular.ttf */; };
		378EEACB2CBCB5AB00990BD5 /* Comment.swift in Sources */ = {isa = PBXBuildFile; fileRef = 378EEACA2CBCB5A600990BD5 /* Comment.swift */; };
		378EEACD2CBCB88900990BD5 /* CommentsViewModel.swift in Sources */ = {isa = PBXBuildFile; fileRef = 378EEACC2CBCB88400990BD5 /* CommentsViewModel.swift */; };
		37BB89362CB4DB47002CF07B /* User_ViewModel.swift in Sources */ = {isa = PBXBuildFile; fileRef = 37BB89352CB4DB3A002CF07B /* User_ViewModel.swift */; };
		37D8E8462CB423A00094EC83 /* Auth_ForgotPasswordView.swift in Sources */ = {isa = PBXBuildFile; fileRef = 37D8E8452CB423A00094EC83 /* Auth_ForgotPasswordView.swift */; };
		37D8E8482CB423B00094EC83 /* Auth_LoginView.swift in Sources */ = {isa = PBXBuildFile; fileRef = 37D8E8472CB423B00094EC83 /* Auth_LoginView.swift */; };
		37D8E84C2CB4245B0094EC83 /* ContentView.swift in Sources */ = {isa = PBXBuildFile; fileRef = 37D8E84B2CB4245B0094EC83 /* ContentView.swift */; };
		37D8E84E2CB4246D0094EC83 /* Auth_RegisterView.swift in Sources */ = {isa = PBXBuildFile; fileRef = 37D8E84D2CB4246D0094EC83 /* Auth_RegisterView.swift */; };
		37D8E8502CB424910094EC83 /* GoogleService-Info.plist in Resources */ = {isa = PBXBuildFile; fileRef = 37D8E84F2CB424910094EC83 /* GoogleService-Info.plist */; };
		37D8E8522CB424B50094EC83 /* User.swift in Sources */ = {isa = PBXBuildFile; fileRef = 37D8E8512CB424B50094EC83 /* User.swift */; };
		37D8E8562CB4285C0094EC83 /* User_PostPartialView.swift in Sources */ = {isa = PBXBuildFile; fileRef = 37D8E8552CB4285C0094EC83 /* User_PostPartialView.swift */; };
		37D8E8582CB42A1F0094EC83 /* Post.swift in Sources */ = {isa = PBXBuildFile; fileRef = 37D8E8572CB42A1F0094EC83 /* Post.swift */; };
		37D8E85A2CB42AC30094EC83 /* Post_ProfileViewModel.swift in Sources */ = {isa = PBXBuildFile; fileRef = 37D8E8592CB42AC30094EC83 /* Post_ProfileViewModel.swift */; };
		D3516ED52CA0A2E00027948F /* WithMe_iOSApp.swift in Sources */ = {isa = PBXBuildFile; fileRef = D3516ED42CA0A2E00027948F /* WithMe_iOSApp.swift */; };
		D3516ED92CA0A2E30027948F /* Assets.xcassets in Resources */ = {isa = PBXBuildFile; fileRef = D3516ED82CA0A2E30027948F /* Assets.xcassets */; };
		D3516EDC2CA0A2E30027948F /* Preview Assets.xcassets in Resources */ = {isa = PBXBuildFile; fileRef = D3516EDB2CA0A2E30027948F /* Preview Assets.xcassets */; };
		D3516EE62CA0A2E30027948F /* WithMe_iOSTests.swift in Sources */ = {isa = PBXBuildFile; fileRef = D3516EE52CA0A2E30027948F /* WithMe_iOSTests.swift */; };
		D3516EF02CA0A2E30027948F /* WithMe_iOSUITests.swift in Sources */ = {isa = PBXBuildFile; fileRef = D3516EEF2CA0A2E30027948F /* WithMe_iOSUITests.swift */; };
		D3516EF22CA0A2E30027948F /* WithMe_iOSUITestsLaunchTests.swift in Sources */ = {isa = PBXBuildFile; fileRef = D3516EF12CA0A2E30027948F /* WithMe_iOSUITestsLaunchTests.swift */; };
		D3516F072CA894620027948F /* FirebaseAuth in Frameworks */ = {isa = PBXBuildFile; productRef = D3516F062CA894620027948F /* FirebaseAuth */; };
		D3516F092CA894620027948F /* FirebaseDatabase in Frameworks */ = {isa = PBXBuildFile; productRef = D3516F082CA894620027948F /* FirebaseDatabase */; };
		D3516F0B2CA894620027948F /* FirebaseStorage in Frameworks */ = {isa = PBXBuildFile; productRef = D3516F0A2CA894620027948F /* FirebaseStorage */; };
/* End PBXBuildFile section */

/* Begin PBXContainerItemProxy section */
		D3516EE22CA0A2E30027948F /* PBXContainerItemProxy */ = {
			isa = PBXContainerItemProxy;
			containerPortal = D3516EC92CA0A2DF0027948F /* Project object */;
			proxyType = 1;
			remoteGlobalIDString = D3516ED02CA0A2DF0027948F;
			remoteInfo = WithMe_iOS;
		};
		D3516EEC2CA0A2E30027948F /* PBXContainerItemProxy */ = {
			isa = PBXContainerItemProxy;
			containerPortal = D3516EC92CA0A2DF0027948F /* Project object */;
			proxyType = 1;
			remoteGlobalIDString = D3516ED02CA0A2DF0027948F;
			remoteInfo = WithMe_iOS;
		};
/* End PBXContainerItemProxy section */

/* Begin PBXFileReference section */
		372E9CAC2CB421870070D617 /* Admin_HomePage.swift */ = {isa = PBXFileReference; fileEncoding = 4; lastKnownFileType = sourcecode.swift; path = Admin_HomePage.swift; sourceTree = "<group>"; };
		3749E5782CBD6F430057BB9D /* CommentDialog.swift */ = {isa = PBXFileReference; lastKnownFileType = sourcecode.swift; path = CommentDialog.swift; sourceTree = "<group>"; };
		375EE6C82CBDB89B00014A5E /* ChangePostDialog.swift */ = {isa = PBXFileReference; lastKnownFileType = sourcecode.swift; path = ChangePostDialog.swift; sourceTree = "<group>"; };
		375EE6CA2CBDD11800014A5E /* Edit_PostView.swift */ = {isa = PBXFileReference; lastKnownFileType = sourcecode.swift; path = Edit_PostView.swift; sourceTree = "<group>"; };
		378354852CB567F500BAE703 /* User_Search.swift */ = {isa = PBXFileReference; lastKnownFileType = sourcecode.swift; path = User_Search.swift; sourceTree = "<group>"; };
		378429152CA711030048F45B /* User_HomePage.swift */ = {isa = PBXFileReference; lastKnownFileType = sourcecode.swift; path = User_HomePage.swift; sourceTree = "<group>"; };
		378429172CA71B8F0048F45B /* TabView_WithMe.swift */ = {isa = PBXFileReference; lastKnownFileType = sourcecode.swift; path = TabView_WithMe.swift; sourceTree = "<group>"; };
		378429192CA71C8C0048F45B /* User_AddPostPage.swift */ = {isa = PBXFileReference; lastKnownFileType = sourcecode.swift; path = User_AddPostPage.swift; sourceTree = "<group>"; };
		3784291B2CA71C9D0048F45B /* User_EditProfilePage.swift */ = {isa = PBXFileReference; lastKnownFileType = sourcecode.swift; path = User_EditProfilePage.swift; sourceTree = "<group>"; };
		3784291D2CA71CB50048F45B /* User_PostView.swift */ = {isa = PBXFileReference; lastKnownFileType = sourcecode.swift; path = User_PostView.swift; sourceTree = "<group>"; };
		3784291F2CA71CCA0048F45B /* User_ProfilePage.swift */ = {isa = PBXFileReference; lastKnownFileType = sourcecode.swift; path = User_ProfilePage.swift; sourceTree = "<group>"; };
		378429212CA71CE20048F45B /* User_SearchPage.swift */ = {isa = PBXFileReference; lastKnownFileType = sourcecode.swift; path = User_SearchPage.swift; sourceTree = "<group>"; };
		378429232CA71D000048F45B /* User_ViewProfile.swift */ = {isa = PBXFileReference; lastKnownFileType = sourcecode.swift; path = User_ViewProfile.swift; sourceTree = "<group>"; };
		3784292D2CA729080048F45B /* DMSerifDisplay-Regular.ttf */ = {isa = PBXFileReference; lastKnownFileType = file; path = "DMSerifDisplay-Regular.ttf"; sourceTree = "<group>"; };
		378429312CA72D6C0048F45B /* WithMe-iOS-Info.plist */ = {isa = PBXFileReference; lastKnownFileType = text.plist; path = "WithMe-iOS-Info.plist"; sourceTree = SOURCE_ROOT; };
		378EEACA2CBCB5A600990BD5 /* Comment.swift */ = {isa = PBXFileReference; lastKnownFileType = sourcecode.swift; path = Comment.swift; sourceTree = "<group>"; };
		378EEACC2CBCB88400990BD5 /* CommentsViewModel.swift */ = {isa = PBXFileReference; lastKnownFileType = sourcecode.swift; path = CommentsViewModel.swift; sourceTree = "<group>"; };
		37BB89352CB4DB3A002CF07B /* User_ViewModel.swift */ = {isa = PBXFileReference; lastKnownFileType = sourcecode.swift; path = User_ViewModel.swift; sourceTree = "<group>"; };
		37D8E8452CB423A00094EC83 /* Auth_ForgotPasswordView.swift */ = {isa = PBXFileReference; fileEncoding = 4; lastKnownFileType = sourcecode.swift; path = Auth_ForgotPasswordView.swift; sourceTree = "<group>"; };
		37D8E8472CB423B00094EC83 /* Auth_LoginView.swift */ = {isa = PBXFileReference; fileEncoding = 4; lastKnownFileType = sourcecode.swift; path = Auth_LoginView.swift; sourceTree = "<group>"; };
		37D8E84B2CB4245B0094EC83 /* ContentView.swift */ = {isa = PBXFileReference; fileEncoding = 4; lastKnownFileType = sourcecode.swift; path = ContentView.swift; sourceTree = "<group>"; };
		37D8E84D2CB4246D0094EC83 /* Auth_RegisterView.swift */ = {isa = PBXFileReference; fileEncoding = 4; lastKnownFileType = sourcecode.swift; path = Auth_RegisterView.swift; sourceTree = "<group>"; };
		37D8E84F2CB424910094EC83 /* GoogleService-Info.plist */ = {isa = PBXFileReference; fileEncoding = 4; lastKnownFileType = text.plist.xml; path = "GoogleService-Info.plist"; sourceTree = "<group>"; };
		37D8E8512CB424B50094EC83 /* User.swift */ = {isa = PBXFileReference; fileEncoding = 4; lastKnownFileType = sourcecode.swift; path = User.swift; sourceTree = "<group>"; };
		37D8E8552CB4285C0094EC83 /* User_PostPartialView.swift */ = {isa = PBXFileReference; lastKnownFileType = sourcecode.swift; path = User_PostPartialView.swift; sourceTree = "<group>"; };
		37D8E8572CB42A1F0094EC83 /* Post.swift */ = {isa = PBXFileReference; lastKnownFileType = sourcecode.swift; path = Post.swift; sourceTree = "<group>"; };
		37D8E8592CB42AC30094EC83 /* Post_ProfileViewModel.swift */ = {isa = PBXFileReference; lastKnownFileType = sourcecode.swift; path = Post_ProfileViewModel.swift; sourceTree = "<group>"; };
		D3516ED12CA0A2E00027948F /* WithMe_iOS.app */ = {isa = PBXFileReference; explicitFileType = wrapper.application; includeInIndex = 0; path = WithMe_iOS.app; sourceTree = BUILT_PRODUCTS_DIR; };
		D3516ED42CA0A2E00027948F /* WithMe_iOSApp.swift */ = {isa = PBXFileReference; lastKnownFileType = sourcecode.swift; path = WithMe_iOSApp.swift; sourceTree = "<group>"; };
		D3516ED82CA0A2E30027948F /* Assets.xcassets */ = {isa = PBXFileReference; lastKnownFileType = folder.assetcatalog; path = Assets.xcassets; sourceTree = "<group>"; };
		D3516EDB2CA0A2E30027948F /* Preview Assets.xcassets */ = {isa = PBXFileReference; lastKnownFileType = folder.assetcatalog; path = "Preview Assets.xcassets"; sourceTree = "<group>"; };
		D3516EE12CA0A2E30027948F /* WithMe_iOSTests.xctest */ = {isa = PBXFileReference; explicitFileType = wrapper.cfbundle; includeInIndex = 0; path = WithMe_iOSTests.xctest; sourceTree = BUILT_PRODUCTS_DIR; };
		D3516EE52CA0A2E30027948F /* WithMe_iOSTests.swift */ = {isa = PBXFileReference; lastKnownFileType = sourcecode.swift; path = WithMe_iOSTests.swift; sourceTree = "<group>"; };
		D3516EEB2CA0A2E30027948F /* WithMe_iOSUITests.xctest */ = {isa = PBXFileReference; explicitFileType = wrapper.cfbundle; includeInIndex = 0; path = WithMe_iOSUITests.xctest; sourceTree = BUILT_PRODUCTS_DIR; };
		D3516EEF2CA0A2E30027948F /* WithMe_iOSUITests.swift */ = {isa = PBXFileReference; lastKnownFileType = sourcecode.swift; path = WithMe_iOSUITests.swift; sourceTree = "<group>"; };
		D3516EF12CA0A2E30027948F /* WithMe_iOSUITestsLaunchTests.swift */ = {isa = PBXFileReference; lastKnownFileType = sourcecode.swift; path = WithMe_iOSUITestsLaunchTests.swift; sourceTree = "<group>"; };
/* End PBXFileReference section */

/* Begin PBXFrameworksBuildPhase section */
		D3516ECE2CA0A2DF0027948F /* Frameworks */ = {
			isa = PBXFrameworksBuildPhase;
			buildActionMask = 2147483647;
			files = (
				D3516F092CA894620027948F /* FirebaseDatabase in Frameworks */,
				D3516F072CA894620027948F /* FirebaseAuth in Frameworks */,
				D3516F0B2CA894620027948F /* FirebaseStorage in Frameworks */,
			);
			runOnlyForDeploymentPostprocessing = 0;
		};
		D3516EDE2CA0A2E30027948F /* Frameworks */ = {
			isa = PBXFrameworksBuildPhase;
			buildActionMask = 2147483647;
			files = (
			);
			runOnlyForDeploymentPostprocessing = 0;
		};
		D3516EE82CA0A2E30027948F /* Frameworks */ = {
			isa = PBXFrameworksBuildPhase;
			buildActionMask = 2147483647;
			files = (
			);
			runOnlyForDeploymentPostprocessing = 0;
		};
/* End PBXFrameworksBuildPhase section */

/* Begin PBXGroup section */
		3784292C2CA728D60048F45B /* Font */ = {
			isa = PBXGroup;
			children = (
				3784292D2CA729080048F45B /* DMSerifDisplay-Regular.ttf */,
			);
			path = Font;
			sourceTree = "<group>";
		};
		D3516EC82CA0A2DF0027948F = {
			isa = PBXGroup;
			children = (
				D3516ED22CA0A2E00027948F /* Products */,
				D3516ED32CA0A2E00027948F /* WithMe_iOS */,
				D3516EE42CA0A2E30027948F /* WithMe_iOSTests */,
				D3516EEE2CA0A2E30027948F /* WithMe_iOSUITests */,
			);
			sourceTree = "<group>";
		};
		D3516ED22CA0A2E00027948F /* Products */ = {
			isa = PBXGroup;
			children = (
				D3516ED12CA0A2E00027948F /* WithMe_iOS.app */,
				D3516EE12CA0A2E30027948F /* WithMe_iOSTests.xctest */,
				D3516EEB2CA0A2E30027948F /* WithMe_iOSUITests.xctest */,
			);
			name = Products;
			sourceTree = "<group>";
		};
		D3516ED32CA0A2E00027948F /* WithMe_iOS */ = {
			isa = PBXGroup;
			children = (
				375EE6CA2CBDD11800014A5E /* Edit_PostView.swift */,
				375EE6C82CBDB89B00014A5E /* ChangePostDialog.swift */,
				3749E5782CBD6F430057BB9D /* CommentDialog.swift */,
				378EEACC2CBCB88400990BD5 /* CommentsViewModel.swift */,
				378EEACA2CBCB5A600990BD5 /* Comment.swift */,
				37BB89352CB4DB3A002CF07B /* User_ViewModel.swift */,
				37D8E84F2CB424910094EC83 /* GoogleService-Info.plist */,
				378429312CA72D6C0048F45B /* WithMe-iOS-Info.plist */,
				372E9CAC2CB421870070D617 /* Admin_HomePage.swift */,
				37D8E8452CB423A00094EC83 /* Auth_ForgotPasswordView.swift */,
				37D8E8472CB423B00094EC83 /* Auth_LoginView.swift */,
				37D8E84D2CB4246D0094EC83 /* Auth_RegisterView.swift */,
				37D8E84B2CB4245B0094EC83 /* ContentView.swift */,
				378429172CA71B8F0048F45B /* TabView_WithMe.swift */,
				378429192CA71C8C0048F45B /* User_AddPostPage.swift */,
				3784291B2CA71C9D0048F45B /* User_EditProfilePage.swift */,
				378429152CA711030048F45B /* User_HomePage.swift */,
				3784291D2CA71CB50048F45B /* User_PostView.swift */,
				3784291F2CA71CCA0048F45B /* User_ProfilePage.swift */,
				378429212CA71CE20048F45B /* User_SearchPage.swift */,
				378354852CB567F500BAE703 /* User_Search.swift */,
				378429232CA71D000048F45B /* User_ViewProfile.swift */,
				37D8E8512CB424B50094EC83 /* User.swift */,
				D3516ED42CA0A2E00027948F /* WithMe_iOSApp.swift */,
				D3516ED82CA0A2E30027948F /* Assets.xcassets */,
				3784292C2CA728D60048F45B /* Font */,
				D3516EDA2CA0A2E30027948F /* Preview Content */,
				37D8E8552CB4285C0094EC83 /* User_PostPartialView.swift */,
				37D8E8572CB42A1F0094EC83 /* Post.swift */,
				37D8E8592CB42AC30094EC83 /* Post_ProfileViewModel.swift */,
			);
			path = WithMe_iOS;
			sourceTree = "<group>";
		};
		D3516EDA2CA0A2E30027948F /* Preview Content */ = {
			isa = PBXGroup;
			children = (
				D3516EDB2CA0A2E30027948F /* Preview Assets.xcassets */,
			);
			path = "Preview Content";
			sourceTree = "<group>";
		};
		D3516EE42CA0A2E30027948F /* WithMe_iOSTests */ = {
			isa = PBXGroup;
			children = (
				D3516EE52CA0A2E30027948F /* WithMe_iOSTests.swift */,
			);
			path = WithMe_iOSTests;
			sourceTree = "<group>";
		};
		D3516EEE2CA0A2E30027948F /* WithMe_iOSUITests */ = {
			isa = PBXGroup;
			children = (
				D3516EEF2CA0A2E30027948F /* WithMe_iOSUITests.swift */,
				D3516EF12CA0A2E30027948F /* WithMe_iOSUITestsLaunchTests.swift */,
			);
			path = WithMe_iOSUITests;
			sourceTree = "<group>";
		};
/* End PBXGroup section */

/* Begin PBXNativeTarget section */
		D3516ED02CA0A2DF0027948F /* WithMe_iOS */ = {
			isa = PBXNativeTarget;
			buildConfigurationList = D3516EF52CA0A2E30027948F /* Build configuration list for PBXNativeTarget "WithMe_iOS" */;
			buildPhases = (
				D3516ECD2CA0A2DF0027948F /* Sources */,
				D3516ECE2CA0A2DF0027948F /* Frameworks */,
				D3516ECF2CA0A2DF0027948F /* Resources */,
			);
			buildRules = (
			);
			dependencies = (
			);
			name = WithMe_iOS;
			packageProductDependencies = (
				D3516F062CA894620027948F /* FirebaseAuth */,
				D3516F082CA894620027948F /* FirebaseDatabase */,
				D3516F0A2CA894620027948F /* FirebaseStorage */,
			);
			productName = WithMe_iOS;
			productReference = D3516ED12CA0A2E00027948F /* WithMe_iOS.app */;
			productType = "com.apple.product-type.application";
		};
		D3516EE02CA0A2E30027948F /* WithMe_iOSTests */ = {
			isa = PBXNativeTarget;
			buildConfigurationList = D3516EF82CA0A2E30027948F /* Build configuration list for PBXNativeTarget "WithMe_iOSTests" */;
			buildPhases = (
				D3516EDD2CA0A2E30027948F /* Sources */,
				D3516EDE2CA0A2E30027948F /* Frameworks */,
				D3516EDF2CA0A2E30027948F /* Resources */,
			);
			buildRules = (
			);
			dependencies = (
				D3516EE32CA0A2E30027948F /* PBXTargetDependency */,
			);
			name = WithMe_iOSTests;
			productName = WithMe_iOSTests;
			productReference = D3516EE12CA0A2E30027948F /* WithMe_iOSTests.xctest */;
			productType = "com.apple.product-type.bundle.unit-test";
		};
		D3516EEA2CA0A2E30027948F /* WithMe_iOSUITests */ = {
			isa = PBXNativeTarget;
			buildConfigurationList = D3516EFB2CA0A2E30027948F /* Build configuration list for PBXNativeTarget "WithMe_iOSUITests" */;
			buildPhases = (
				D3516EE72CA0A2E30027948F /* Sources */,
				D3516EE82CA0A2E30027948F /* Frameworks */,
				D3516EE92CA0A2E30027948F /* Resources */,
			);
			buildRules = (
			);
			dependencies = (
				D3516EED2CA0A2E30027948F /* PBXTargetDependency */,
			);
			name = WithMe_iOSUITests;
			productName = WithMe_iOSUITests;
			productReference = D3516EEB2CA0A2E30027948F /* WithMe_iOSUITests.xctest */;
			productType = "com.apple.product-type.bundle.ui-testing";
		};
/* End PBXNativeTarget section */

/* Begin PBXProject section */
		D3516EC92CA0A2DF0027948F /* Project object */ = {
			isa = PBXProject;
			attributes = {
				BuildIndependentTargetsInParallel = 1;
				LastSwiftUpdateCheck = 1530;
				LastUpgradeCheck = 1600;
				TargetAttributes = {
					D3516ED02CA0A2DF0027948F = {
						CreatedOnToolsVersion = 15.3;
					};
					D3516EE02CA0A2E30027948F = {
						CreatedOnToolsVersion = 15.3;
						TestTargetID = D3516ED02CA0A2DF0027948F;
					};
					D3516EEA2CA0A2E30027948F = {
						CreatedOnToolsVersion = 15.3;
						TestTargetID = D3516ED02CA0A2DF0027948F;
					};
				};
			};
			buildConfigurationList = D3516ECC2CA0A2DF0027948F /* Build configuration list for PBXProject "WithMe_iOS" */;
			compatibilityVersion = "Xcode 14.0";
			developmentRegion = en;
			hasScannedForEncodings = 0;
			knownRegions = (
				en,
				Base,
			);
			mainGroup = D3516EC82CA0A2DF0027948F;
			packageReferences = (
				D3516F052CA894620027948F /* XCRemoteSwiftPackageReference "firebase-ios-sdk" */,
			);
			productRefGroup = D3516ED22CA0A2E00027948F /* Products */;
			projectDirPath = "";
			projectRoot = "";
			targets = (
				D3516ED02CA0A2DF0027948F /* WithMe_iOS */,
				D3516EE02CA0A2E30027948F /* WithMe_iOSTests */,
				D3516EEA2CA0A2E30027948F /* WithMe_iOSUITests */,
			);
		};
/* End PBXProject section */

/* Begin PBXResourcesBuildPhase section */
		D3516ECF2CA0A2DF0027948F /* Resources */ = {
			isa = PBXResourcesBuildPhase;
			buildActionMask = 2147483647;
			files = (
				D3516EDC2CA0A2E30027948F /* Preview Assets.xcassets in Resources */,
				37D8E8502CB424910094EC83 /* GoogleService-Info.plist in Resources */,
				D3516ED92CA0A2E30027948F /* Assets.xcassets in Resources */,
				3784292E2CA729080048F45B /* DMSerifDisplay-Regular.ttf in Resources */,
			);
			runOnlyForDeploymentPostprocessing = 0;
		};
		D3516EDF2CA0A2E30027948F /* Resources */ = {
			isa = PBXResourcesBuildPhase;
			buildActionMask = 2147483647;
			files = (
				3784292F2CA729080048F45B /* DMSerifDisplay-Regular.ttf in Resources */,
			);
			runOnlyForDeploymentPostprocessing = 0;
		};
		D3516EE92CA0A2E30027948F /* Resources */ = {
			isa = PBXResourcesBuildPhase;
			buildActionMask = 2147483647;
			files = (
				378429302CA729080048F45B /* DMSerifDisplay-Regular.ttf in Resources */,
			);
			runOnlyForDeploymentPostprocessing = 0;
		};
/* End PBXResourcesBuildPhase section */

/* Begin PBXSourcesBuildPhase section */
		D3516ECD2CA0A2DF0027948F /* Sources */ = {
			isa = PBXSourcesBuildPhase;
			buildActionMask = 2147483647;
			files = (
				37D8E8462CB423A00094EC83 /* Auth_ForgotPasswordView.swift in Sources */,
				3784291A2CA71C8C0048F45B /* User_AddPostPage.swift in Sources */,
				37D8E8562CB4285C0094EC83 /* User_PostPartialView.swift in Sources */,
				375EE6CB2CBDD12F00014A5E /* Edit_PostView.swift in Sources */,
				372E9CAD2CB421870070D617 /* Admin_HomePage.swift in Sources */,
				37D8E8582CB42A1F0094EC83 /* Post.swift in Sources */,
				37D8E84E2CB4246D0094EC83 /* Auth_RegisterView.swift in Sources */,
				37D8E8482CB423B00094EC83 /* Auth_LoginView.swift in Sources */,
				3749E5792CBD6F490057BB9D /* CommentDialog.swift in Sources */,
				378429162CA711030048F45B /* User_HomePage.swift in Sources */,
				378429182CA71B8F0048F45B /* TabView_WithMe.swift in Sources */,
				D3516ED52CA0A2E00027948F /* WithMe_iOSApp.swift in Sources */,
				378EEACB2CBCB5AB00990BD5 /* Comment.swift in Sources */,
				37D8E8522CB424B50094EC83 /* User.swift in Sources */,
				375EE6C92CBDB8AD00014A5E /* ChangePostDialog.swift in Sources */,
				378429222CA71CE20048F45B /* User_SearchPage.swift in Sources */,
				378429202CA71CCA0048F45B /* User_ProfilePage.swift in Sources */,
				37BB89362CB4DB47002CF07B /* User_ViewModel.swift in Sources */,
				378429242CA71D000048F45B /* User_ViewProfile.swift in Sources */,
				37D8E85A2CB42AC30094EC83 /* Post_ProfileViewModel.swift in Sources */,
				378354862CB567FE00BAE703 /* User_Search.swift in Sources */,
				378EEACD2CBCB88900990BD5 /* CommentsViewModel.swift in Sources */,
				37D8E84C2CB4245B0094EC83 /* ContentView.swift in Sources */,
				3784291C2CA71C9D0048F45B /* User_EditProfilePage.swift in Sources */,
				3784291E2CA71CB50048F45B /* User_PostView.swift in Sources */,
			);
			runOnlyForDeploymentPostprocessing = 0;
		};
		D3516EDD2CA0A2E30027948F /* Sources */ = {
			isa = PBXSourcesBuildPhase;
			buildActionMask = 2147483647;
			files = (
				D3516EE62CA0A2E30027948F /* WithMe_iOSTests.swift in Sources */,
			);
			runOnlyForDeploymentPostprocessing = 0;
		};
		D3516EE72CA0A2E30027948F /* Sources */ = {
			isa = PBXSourcesBuildPhase;
			buildActionMask = 2147483647;
			files = (
				D3516EF22CA0A2E30027948F /* WithMe_iOSUITestsLaunchTests.swift in Sources */,
				D3516EF02CA0A2E30027948F /* WithMe_iOSUITests.swift in Sources */,
			);
			runOnlyForDeploymentPostprocessing = 0;
		};
/* End PBXSourcesBuildPhase section */

/* Begin PBXTargetDependency section */
		D3516EE32CA0A2E30027948F /* PBXTargetDependency */ = {
			isa = PBXTargetDependency;
			target = D3516ED02CA0A2DF0027948F /* WithMe_iOS */;
			targetProxy = D3516EE22CA0A2E30027948F /* PBXContainerItemProxy */;
		};
		D3516EED2CA0A2E30027948F /* PBXTargetDependency */ = {
			isa = PBXTargetDependency;
			target = D3516ED02CA0A2DF0027948F /* WithMe_iOS */;
			targetProxy = D3516EEC2CA0A2E30027948F /* PBXContainerItemProxy */;
		};
/* End PBXTargetDependency section */

/* Begin XCBuildConfiguration section */
		D3516EF32CA0A2E30027948F /* Debug */ = {
			isa = XCBuildConfiguration;
			buildSettings = {
				ALWAYS_SEARCH_USER_PATHS = NO;
				ASSETCATALOG_COMPILER_GENERATE_SWIFT_ASSET_SYMBOL_EXTENSIONS = YES;
				CLANG_ANALYZER_NONNULL = YES;
				CLANG_ANALYZER_NUMBER_OBJECT_CONVERSION = YES_AGGRESSIVE;
				CLANG_CXX_LANGUAGE_STANDARD = "gnu++20";
				CLANG_ENABLE_MODULES = YES;
				CLANG_ENABLE_OBJC_ARC = YES;
				CLANG_ENABLE_OBJC_WEAK = YES;
				CLANG_WARN_BLOCK_CAPTURE_AUTORELEASING = YES;
				CLANG_WARN_BOOL_CONVERSION = YES;
				CLANG_WARN_COMMA = YES;
				CLANG_WARN_CONSTANT_CONVERSION = YES;
				CLANG_WARN_DEPRECATED_OBJC_IMPLEMENTATIONS = YES;
				CLANG_WARN_DIRECT_OBJC_ISA_USAGE = YES_ERROR;
				CLANG_WARN_DOCUMENTATION_COMMENTS = YES;
				CLANG_WARN_EMPTY_BODY = YES;
				CLANG_WARN_ENUM_CONVERSION = YES;
				CLANG_WARN_INFINITE_RECURSION = YES;
				CLANG_WARN_INT_CONVERSION = YES;
				CLANG_WARN_NON_LITERAL_NULL_CONVERSION = YES;
				CLANG_WARN_OBJC_IMPLICIT_RETAIN_SELF = YES;
				CLANG_WARN_OBJC_LITERAL_CONVERSION = YES;
				CLANG_WARN_OBJC_ROOT_CLASS = YES_ERROR;
				CLANG_WARN_QUOTED_INCLUDE_IN_FRAMEWORK_HEADER = YES;
				CLANG_WARN_RANGE_LOOP_ANALYSIS = YES;
				CLANG_WARN_STRICT_PROTOTYPES = YES;
				CLANG_WARN_SUSPICIOUS_MOVE = YES;
				CLANG_WARN_UNGUARDED_AVAILABILITY = YES_AGGRESSIVE;
				CLANG_WARN_UNREACHABLE_CODE = YES;
				CLANG_WARN__DUPLICATE_METHOD_MATCH = YES;
				COPY_PHASE_STRIP = NO;
				DEBUG_INFORMATION_FORMAT = dwarf;
				ENABLE_STRICT_OBJC_MSGSEND = YES;
				ENABLE_TESTABILITY = YES;
				ENABLE_USER_SCRIPT_SANDBOXING = YES;
				GCC_C_LANGUAGE_STANDARD = gnu17;
				GCC_DYNAMIC_NO_PIC = NO;
				GCC_NO_COMMON_BLOCKS = YES;
				GCC_OPTIMIZATION_LEVEL = 0;
				GCC_PREPROCESSOR_DEFINITIONS = (
					"DEBUG=1",
					"$(inherited)",
				);
				GCC_WARN_64_TO_32_BIT_CONVERSION = YES;
				GCC_WARN_ABOUT_RETURN_TYPE = YES_ERROR;
				GCC_WARN_UNDECLARED_SELECTOR = YES;
				GCC_WARN_UNINITIALIZED_AUTOS = YES_AGGRESSIVE;
				GCC_WARN_UNUSED_FUNCTION = YES;
				GCC_WARN_UNUSED_VARIABLE = YES;
				IPHONEOS_DEPLOYMENT_TARGET = 17.4;
				LOCALIZATION_PREFERS_STRING_CATALOGS = YES;
				MTL_ENABLE_DEBUG_INFO = INCLUDE_SOURCE;
				MTL_FAST_MATH = YES;
				ONLY_ACTIVE_ARCH = YES;
				SDKROOT = iphoneos;
				SWIFT_ACTIVE_COMPILATION_CONDITIONS = "DEBUG $(inherited)";
				SWIFT_OPTIMIZATION_LEVEL = "-Onone";
			};
			name = Debug;
		};
		D3516EF42CA0A2E30027948F /* Release */ = {
			isa = XCBuildConfiguration;
			buildSettings = {
				ALWAYS_SEARCH_USER_PATHS = NO;
				ASSETCATALOG_COMPILER_GENERATE_SWIFT_ASSET_SYMBOL_EXTENSIONS = YES;
				CLANG_ANALYZER_NONNULL = YES;
				CLANG_ANALYZER_NUMBER_OBJECT_CONVERSION = YES_AGGRESSIVE;
				CLANG_CXX_LANGUAGE_STANDARD = "gnu++20";
				CLANG_ENABLE_MODULES = YES;
				CLANG_ENABLE_OBJC_ARC = YES;
				CLANG_ENABLE_OBJC_WEAK = YES;
				CLANG_WARN_BLOCK_CAPTURE_AUTORELEASING = YES;
				CLANG_WARN_BOOL_CONVERSION = YES;
				CLANG_WARN_COMMA = YES;
				CLANG_WARN_CONSTANT_CONVERSION = YES;
				CLANG_WARN_DEPRECATED_OBJC_IMPLEMENTATIONS = YES;
				CLANG_WARN_DIRECT_OBJC_ISA_USAGE = YES_ERROR;
				CLANG_WARN_DOCUMENTATION_COMMENTS = YES;
				CLANG_WARN_EMPTY_BODY = YES;
				CLANG_WARN_ENUM_CONVERSION = YES;
				CLANG_WARN_INFINITE_RECURSION = YES;
				CLANG_WARN_INT_CONVERSION = YES;
				CLANG_WARN_NON_LITERAL_NULL_CONVERSION = YES;
				CLANG_WARN_OBJC_IMPLICIT_RETAIN_SELF = YES;
				CLANG_WARN_OBJC_LITERAL_CONVERSION = YES;
				CLANG_WARN_OBJC_ROOT_CLASS = YES_ERROR;
				CLANG_WARN_QUOTED_INCLUDE_IN_FRAMEWORK_HEADER = YES;
				CLANG_WARN_RANGE_LOOP_ANALYSIS = YES;
				CLANG_WARN_STRICT_PROTOTYPES = YES;
				CLANG_WARN_SUSPICIOUS_MOVE = YES;
				CLANG_WARN_UNGUARDED_AVAILABILITY = YES_AGGRESSIVE;
				CLANG_WARN_UNREACHABLE_CODE = YES;
				CLANG_WARN__DUPLICATE_METHOD_MATCH = YES;
				COPY_PHASE_STRIP = NO;
				DEBUG_INFORMATION_FORMAT = "dwarf-with-dsym";
				ENABLE_NS_ASSERTIONS = NO;
				ENABLE_STRICT_OBJC_MSGSEND = YES;
				ENABLE_USER_SCRIPT_SANDBOXING = YES;
				GCC_C_LANGUAGE_STANDARD = gnu17;
				GCC_NO_COMMON_BLOCKS = YES;
				GCC_WARN_64_TO_32_BIT_CONVERSION = YES;
				GCC_WARN_ABOUT_RETURN_TYPE = YES_ERROR;
				GCC_WARN_UNDECLARED_SELECTOR = YES;
				GCC_WARN_UNINITIALIZED_AUTOS = YES_AGGRESSIVE;
				GCC_WARN_UNUSED_FUNCTION = YES;
				GCC_WARN_UNUSED_VARIABLE = YES;
				IPHONEOS_DEPLOYMENT_TARGET = 17.4;
				LOCALIZATION_PREFERS_STRING_CATALOGS = YES;
				MTL_ENABLE_DEBUG_INFO = NO;
				MTL_FAST_MATH = YES;
				SDKROOT = iphoneos;
				SWIFT_COMPILATION_MODE = wholemodule;
				VALIDATE_PRODUCT = YES;
			};
			name = Release;
		};
		D3516EF62CA0A2E30027948F /* Debug */ = {
			isa = XCBuildConfiguration;
			buildSettings = {
				ASSETCATALOG_COMPILER_APPICON_NAME = AppIcon;
				ASSETCATALOG_COMPILER_GLOBAL_ACCENT_COLOR_NAME = AccentColor;
				CODE_SIGN_STYLE = Automatic;
				CURRENT_PROJECT_VERSION = 1;
				DEVELOPMENT_ASSET_PATHS = "\"WithMe_iOS/Preview Content\"";
				DEVELOPMENT_TEAM = "";
				ENABLE_PREVIEWS = YES;
				GENERATE_INFOPLIST_FILE = YES;
				INFOPLIST_FILE = "WithMe-iOS-Info.plist";
				INFOPLIST_KEY_UIApplicationSceneManifest_Generation = YES;
				INFOPLIST_KEY_UIApplicationSupportsIndirectInputEvents = YES;
				INFOPLIST_KEY_UILaunchScreen_Generation = YES;
				INFOPLIST_KEY_UISupportedInterfaceOrientations_iPad = "UIInterfaceOrientationPortrait UIInterfaceOrientationPortraitUpsideDown UIInterfaceOrientationLandscapeLeft UIInterfaceOrientationLandscapeRight";
				INFOPLIST_KEY_UISupportedInterfaceOrientations_iPhone = "UIInterfaceOrientationPortrait UIInterfaceOrientationLandscapeLeft UIInterfaceOrientationLandscapeRight";
				LD_RUNPATH_SEARCH_PATHS = (
					"$(inherited)",
					"@executable_path/Frameworks",
				);
				MARKETING_VERSION = 1.0;
				PRODUCT_BUNDLE_IDENTIFIER = "withme.WithMe-iOS";
				PRODUCT_NAME = "$(TARGET_NAME)";
				SWIFT_EMIT_LOC_STRINGS = YES;
				SWIFT_VERSION = 5.0;
				TARGETED_DEVICE_FAMILY = "1,2";
			};
			name = Debug;
		};
		D3516EF72CA0A2E30027948F /* Release */ = {
			isa = XCBuildConfiguration;
			buildSettings = {
				ASSETCATALOG_COMPILER_APPICON_NAME = AppIcon;
				ASSETCATALOG_COMPILER_GLOBAL_ACCENT_COLOR_NAME = AccentColor;
				CODE_SIGN_STYLE = Automatic;
				CURRENT_PROJECT_VERSION = 1;
				DEVELOPMENT_ASSET_PATHS = "\"WithMe_iOS/Preview Content\"";
				DEVELOPMENT_TEAM = "";
				ENABLE_PREVIEWS = YES;
				GENERATE_INFOPLIST_FILE = YES;
				INFOPLIST_FILE = "WithMe-iOS-Info.plist";
				INFOPLIST_KEY_UIApplicationSceneManifest_Generation = YES;
				INFOPLIST_KEY_UIApplicationSupportsIndirectInputEvents = YES;
				INFOPLIST_KEY_UILaunchScreen_Generation = YES;
				INFOPLIST_KEY_UISupportedInterfaceOrientations_iPad = "UIInterfaceOrientationPortrait UIInterfaceOrientationPortraitUpsideDown UIInterfaceOrientationLandscapeLeft UIInterfaceOrientationLandscapeRight";
				INFOPLIST_KEY_UISupportedInterfaceOrientations_iPhone = "UIInterfaceOrientationPortrait UIInterfaceOrientationLandscapeLeft UIInterfaceOrientationLandscapeRight";
				LD_RUNPATH_SEARCH_PATHS = (
					"$(inherited)",
					"@executable_path/Frameworks",
				);
				MARKETING_VERSION = 1.0;
				PRODUCT_BUNDLE_IDENTIFIER = "withme.WithMe-iOS";
				PRODUCT_NAME = "$(TARGET_NAME)";
				SWIFT_EMIT_LOC_STRINGS = YES;
				SWIFT_VERSION = 5.0;
				TARGETED_DEVICE_FAMILY = "1,2";
			};
			name = Release;
		};
		D3516EF92CA0A2E30027948F /* Debug */ = {
			isa = XCBuildConfiguration;
			buildSettings = {
				BUNDLE_LOADER = "$(TEST_HOST)";
				CODE_SIGN_STYLE = Automatic;
				CURRENT_PROJECT_VERSION = 1;
				DEVELOPMENT_TEAM = W5W5AZSUAZ;
				GENERATE_INFOPLIST_FILE = YES;
				IPHONEOS_DEPLOYMENT_TARGET = 17.4;
				MARKETING_VERSION = 1.0;
				PRODUCT_BUNDLE_IDENTIFIER = "withme.WithMe-iOSTests";
				PRODUCT_NAME = "$(TARGET_NAME)";
				SWIFT_EMIT_LOC_STRINGS = NO;
				SWIFT_VERSION = 5.0;
				TARGETED_DEVICE_FAMILY = "1,2";
				TEST_HOST = "$(BUILT_PRODUCTS_DIR)/WithMe_iOS.app/$(BUNDLE_EXECUTABLE_FOLDER_PATH)/WithMe_iOS";
			};
			name = Debug;
		};
		D3516EFA2CA0A2E30027948F /* Release */ = {
			isa = XCBuildConfiguration;
			buildSettings = {
				BUNDLE_LOADER = "$(TEST_HOST)";
				CODE_SIGN_STYLE = Automatic;
				CURRENT_PROJECT_VERSION = 1;
				DEVELOPMENT_TEAM = W5W5AZSUAZ;
				GENERATE_INFOPLIST_FILE = YES;
				IPHONEOS_DEPLOYMENT_TARGET = 17.4;
				MARKETING_VERSION = 1.0;
				PRODUCT_BUNDLE_IDENTIFIER = "withme.WithMe-iOSTests";
				PRODUCT_NAME = "$(TARGET_NAME)";
				SWIFT_EMIT_LOC_STRINGS = NO;
				SWIFT_VERSION = 5.0;
				TARGETED_DEVICE_FAMILY = "1,2";
				TEST_HOST = "$(BUILT_PRODUCTS_DIR)/WithMe_iOS.app/$(BUNDLE_EXECUTABLE_FOLDER_PATH)/WithMe_iOS";
			};
			name = Release;
		};
		D3516EFC2CA0A2E30027948F /* Debug */ = {
			isa = XCBuildConfiguration;
			buildSettings = {
				CODE_SIGN_STYLE = Automatic;
				CURRENT_PROJECT_VERSION = 1;
				DEVELOPMENT_TEAM = W5W5AZSUAZ;
				GENERATE_INFOPLIST_FILE = YES;
				MARKETING_VERSION = 1.0;
				PRODUCT_BUNDLE_IDENTIFIER = "withme.WithMe-iOSUITests";
				PRODUCT_NAME = "$(TARGET_NAME)";
				SWIFT_EMIT_LOC_STRINGS = NO;
				SWIFT_VERSION = 5.0;
				TARGETED_DEVICE_FAMILY = "1,2";
				TEST_TARGET_NAME = WithMe_iOS;
			};
			name = Debug;
		};
		D3516EFD2CA0A2E30027948F /* Release */ = {
			isa = XCBuildConfiguration;
			buildSettings = {
				CODE_SIGN_STYLE = Automatic;
				CURRENT_PROJECT_VERSION = 1;
				DEVELOPMENT_TEAM = W5W5AZSUAZ;
				GENERATE_INFOPLIST_FILE = YES;
				MARKETING_VERSION = 1.0;
				PRODUCT_BUNDLE_IDENTIFIER = "withme.WithMe-iOSUITests";
				PRODUCT_NAME = "$(TARGET_NAME)";
				SWIFT_EMIT_LOC_STRINGS = NO;
				SWIFT_VERSION = 5.0;
				TARGETED_DEVICE_FAMILY = "1,2";
				TEST_TARGET_NAME = WithMe_iOS;
			};
			name = Release;
		};
/* End XCBuildConfiguration section */

/* Begin XCConfigurationList section */
		D3516ECC2CA0A2DF0027948F /* Build configuration list for PBXProject "WithMe_iOS" */ = {
			isa = XCConfigurationList;
			buildConfigurations = (
				D3516EF32CA0A2E30027948F /* Debug */,
				D3516EF42CA0A2E30027948F /* Release */,
			);
			defaultConfigurationIsVisible = 0;
			defaultConfigurationName = Release;
		};
		D3516EF52CA0A2E30027948F /* Build configuration list for PBXNativeTarget "WithMe_iOS" */ = {
			isa = XCConfigurationList;
			buildConfigurations = (
				D3516EF62CA0A2E30027948F /* Debug */,
				D3516EF72CA0A2E30027948F /* Release */,
			);
			defaultConfigurationIsVisible = 0;
			defaultConfigurationName = Release;
		};
		D3516EF82CA0A2E30027948F /* Build configuration list for PBXNativeTarget "WithMe_iOSTests" */ = {
			isa = XCConfigurationList;
			buildConfigurations = (
				D3516EF92CA0A2E30027948F /* Debug */,
				D3516EFA2CA0A2E30027948F /* Release */,
			);
			defaultConfigurationIsVisible = 0;
			defaultConfigurationName = Release;
		};
		D3516EFB2CA0A2E30027948F /* Build configuration list for PBXNativeTarget "WithMe_iOSUITests" */ = {
			isa = XCConfigurationList;
			buildConfigurations = (
				D3516EFC2CA0A2E30027948F /* Debug */,
				D3516EFD2CA0A2E30027948F /* Release */,
			);
			defaultConfigurationIsVisible = 0;
			defaultConfigurationName = Release;
		};
/* End XCConfigurationList section */

/* Begin XCRemoteSwiftPackageReference section */
		D3516F052CA894620027948F /* XCRemoteSwiftPackageReference "firebase-ios-sdk" */ = {
			isa = XCRemoteSwiftPackageReference;
			repositoryURL = "https://github.com/firebase/firebase-ios-sdk";
			requirement = {
				kind = upToNextMajorVersion;
				minimumVersion = 11.2.0;
			};
		};
/* End XCRemoteSwiftPackageReference section */

/* Begin XCSwiftPackageProductDependency section */
		D3516F062CA894620027948F /* FirebaseAuth */ = {
			isa = XCSwiftPackageProductDependency;
			package = D3516F052CA894620027948F /* XCRemoteSwiftPackageReference "firebase-ios-sdk" */;
			productName = FirebaseAuth;
		};
		D3516F082CA894620027948F /* FirebaseDatabase */ = {
			isa = XCSwiftPackageProductDependency;
			package = D3516F052CA894620027948F /* XCRemoteSwiftPackageReference "firebase-ios-sdk" */;
			productName = FirebaseDatabase;
		};
		D3516F0A2CA894620027948F /* FirebaseStorage */ = {
			isa = XCSwiftPackageProductDependency;
			package = D3516F052CA894620027948F /* XCRemoteSwiftPackageReference "firebase-ios-sdk" */;
			productName = FirebaseStorage;
		};
/* End XCSwiftPackageProductDependency section */
	};
	rootObject = D3516EC92CA0A2DF0027948F /* Project object */;
}
